
Microsoft Visual Studio Solution File, Format Version 12.00
# Visual Studio Version 17
VisualStudioVersion = 17.13.35919.96 d17.13
MinimumVisualStudioVersion = 10.0.40219.1
Project("{FAE04EC0-301F-11D3-BF4B-00C04F79EFBC}") = "FantasyGame", "FantasyGame\FantasyGame.csproj", "{6BB61DF3-8FC4-4990-9C52-B283A27ED7C0}"
EndProject
Global
	GlobalSection(SolutionConfigurationPlatforms) = preSolution
		Debug|Any CPU = Debug|Any CPU
		Release|Any CPU = Release|Any CPU
	EndGlobalSection
	GlobalSection(ProjectConfigurationPlatforms) = postSolution
		{6BB61DF3-8FC4-4990-9C52-B283A27ED7C0}.Debug|Any CPU.ActiveCfg = Debug|Any CPU
		{6BB61DF3-8FC4-4990-9C52-B283A27ED7C0}.Debug|Any CPU.Build.0 = Debug|Any CPU
		{6BB61DF3-8FC4-4990-9C52-B283A27ED7C0}.Release|Any CPU.ActiveCfg = Release|Any CPU
		{6BB61DF3-8FC4-4990-9C52-B283A27ED7C0}.Release|Any CPU.Build.0 = Release|Any CPU
	EndGlobalSection
	GlobalSection(SolutionProperties) = preSolution
		HideSolutionNode = FALSE
	EndGlobalSection
	GlobalSection(ExtensibilityGlobals) = postSolution
		SolutionGuid = {FB73B603-ED34-401A-9A1F-12D9C5C7728B}
	EndGlobalSection
EndGlobal
